
Microsoft Visual Studio Solution File, Format Version 12.00
# Visual Studio Version 17
VisualStudioVersion = 17.9.34616.47
MinimumVisualStudioVersion = 10.0.40219.1
Project("{FAE04EC0-301F-11D3-BF4B-00C04F79EFBC}") = "Custom.Identity.Membership", "Custom.Identity.Membership.csproj", "{988F884F-5A70-488F-B238-84C34A91D107}"
EndProject
Global
	GlobalSection(SolutionConfigurationPlatforms) = preSolution
		Debug|Any CPU = Debug|Any CPU
		Release|Any CPU = Release|Any CPU
	EndGlobalSection
	GlobalSection(ProjectConfigurationPlatforms) = postSolution
		{988F884F-5A70-488F-B238-84C34A91D107}.Debug|Any CPU.ActiveCfg = Debug|Any CPU
		{988F884F-5A70-488F-B238-84C34A91D107}.Debug|Any CPU.Build.0 = Debug|Any CPU
		{988F884F-5A70-488F-B238-84C34A91D107}.Release|Any CPU.ActiveCfg = Release|Any CPU
		{988F884F-5A70-488F-B238-84C34A91D107}.Release|Any CPU.Build.0 = Release|Any CPU
	EndGlobalSection
	GlobalSection(SolutionProperties) = preSolution
		HideSolutionNode = FALSE
	EndGlobalSection
	GlobalSection(ExtensibilityGlobals) = postSolution
		SolutionGuid = {F87FB32F-F58A-4523-BF19-6B18F3BE2E73}
	EndGlobalSection
EndGlobal
